// !$*UTF8*$!
{
	archiveVersion = 1;
	classes = {
	};
	objectVersion = 50;
	objects = {

/* Begin PBXBuildFile section */
		143BF37FBC480327721CF616 /* Pods_DVHacksUITests.framework in Frameworks */ = {isa = PBXBuildFile; fileRef = 24F1C700208776019284CB80 /* Pods_DVHacksUITests.framework */; };
		2BFC64E027BFE4D45B84D956 /* Pods_DVHacks.framework in Frameworks */ = {isa = PBXBuildFile; fileRef = 170D7C15228C29276BED46C9 /* Pods_DVHacks.framework */; };
		75CCC1863CBADBAE4FD1B471 /* Pods_DVHacksTests.framework in Frameworks */ = {isa = PBXBuildFile; fileRef = AEA84110E9DB180D59B028C0 /* Pods_DVHacksTests.framework */; };
		C50845BE20827F9C0056DB0B /* AppDelegate.swift in Sources */ = {isa = PBXBuildFile; fileRef = C50845BD20827F9C0056DB0B /* AppDelegate.swift */; };
		C50845C020827F9C0056DB0B /* ViewController.swift in Sources */ = {isa = PBXBuildFile; fileRef = C50845BF20827F9C0056DB0B /* ViewController.swift */; };
		C50845C320827F9C0056DB0B /* Main.storyboard in Resources */ = {isa = PBXBuildFile; fileRef = C50845C120827F9C0056DB0B /* Main.storyboard */; };
		C50845C520827F9E0056DB0B /* Assets.xcassets in Resources */ = {isa = PBXBuildFile; fileRef = C50845C420827F9E0056DB0B /* Assets.xcassets */; };
		C50845C820827F9E0056DB0B /* LaunchScreen.storyboard in Resources */ = {isa = PBXBuildFile; fileRef = C50845C620827F9E0056DB0B /* LaunchScreen.storyboard */; };
		C50845D320827F9E0056DB0B /* DVHacksTests.swift in Sources */ = {isa = PBXBuildFile; fileRef = C50845D220827F9E0056DB0B /* DVHacksTests.swift */; };
		C50845DE20827F9E0056DB0B /* DVHacksUITests.swift in Sources */ = {isa = PBXBuildFile; fileRef = C50845DD20827F9E0056DB0B /* DVHacksUITests.swift */; };
		C50845EC20828E050056DB0B /* ProfileVC.swift in Sources */ = {isa = PBXBuildFile; fileRef = C50845EB20828E050056DB0B /* ProfileVC.swift */; };
		C50845EE20828ECE0056DB0B /* ProfileCell.swift in Sources */ = {isa = PBXBuildFile; fileRef = C50845ED20828ECE0056DB0B /* ProfileCell.swift */; };
		C50845F0208292AF0056DB0B /* HBSegmentedControl.swift in Sources */ = {isa = PBXBuildFile; fileRef = C50845EF208292AF0056DB0B /* HBSegmentedControl.swift */; };
		C50845F2208294E60056DB0B /* TripsVC.swift in Sources */ = {isa = PBXBuildFile; fileRef = C50845F1208294E60056DB0B /* TripsVC.swift */; };
		C50845F42082B10E0056DB0B /* SurveyVC.swift in Sources */ = {isa = PBXBuildFile; fileRef = C50845F32082B10E0056DB0B /* SurveyVC.swift */; };
/* End PBXBuildFile section */

/* Begin PBXContainerItemProxy section */
		C50845CF20827F9E0056DB0B /* PBXContainerItemProxy */ = {
			isa = PBXContainerItemProxy;
			containerPortal = C50845B220827F9C0056DB0B /* Project object */;
			proxyType = 1;
			remoteGlobalIDString = C50845B920827F9C0056DB0B;
			remoteInfo = DVHacks;
		};
		C50845DA20827F9E0056DB0B /* PBXContainerItemProxy */ = {
			isa = PBXContainerItemProxy;
			containerPortal = C50845B220827F9C0056DB0B /* Project object */;
			proxyType = 1;
			remoteGlobalIDString = C50845B920827F9C0056DB0B;
			remoteInfo = DVHacks;
		};
/* End PBXContainerItemProxy section */

/* Begin PBXFileReference section */
		0A6E8DBC2C51560D23C48231 /* Pods-DVHacks.debug.xcconfig */ = {isa = PBXFileReference; includeInIndex = 1; lastKnownFileType = text.xcconfig; name = "Pods-DVHacks.debug.xcconfig"; path = "Pods/Target Support Files/Pods-DVHacks/Pods-DVHacks.debug.xcconfig"; sourceTree = "<group>"; };
		170D7C15228C29276BED46C9 /* Pods_DVHacks.framework */ = {isa = PBXFileReference; explicitFileType = wrapper.framework; includeInIndex = 0; path = Pods_DVHacks.framework; sourceTree = BUILT_PRODUCTS_DIR; };
		1A6ACF8106C670762E0656EE /* Pods-DVHacksUITests.debug.xcconfig */ = {isa = PBXFileReference; includeInIndex = 1; lastKnownFileType = text.xcconfig; name = "Pods-DVHacksUITests.debug.xcconfig"; path = "Pods/Target Support Files/Pods-DVHacksUITests/Pods-DVHacksUITests.debug.xcconfig"; sourceTree = "<group>"; };
		24F1C700208776019284CB80 /* Pods_DVHacksUITests.framework */ = {isa = PBXFileReference; explicitFileType = wrapper.framework; includeInIndex = 0; path = Pods_DVHacksUITests.framework; sourceTree = BUILT_PRODUCTS_DIR; };
		34ABB3C8328EDB8AFCCC41BE /* Pods-DVHacksTests.release.xcconfig */ = {isa = PBXFileReference; includeInIndex = 1; lastKnownFileType = text.xcconfig; name = "Pods-DVHacksTests.release.xcconfig"; path = "Pods/Target Support Files/Pods-DVHacksTests/Pods-DVHacksTests.release.xcconfig"; sourceTree = "<group>"; };
		8302AE5DA8A52043AEA2BD1A /* Pods-DVHacksTests.debug.xcconfig */ = {isa = PBXFileReference; includeInIndex = 1; lastKnownFileType = text.xcconfig; name = "Pods-DVHacksTests.debug.xcconfig"; path = "Pods/Target Support Files/Pods-DVHacksTests/Pods-DVHacksTests.debug.xcconfig"; sourceTree = "<group>"; };
		93A01A2BC2774BE9018FEC90 /* Pods-DVHacks.release.xcconfig */ = {isa = PBXFileReference; includeInIndex = 1; lastKnownFileType = text.xcconfig; name = "Pods-DVHacks.release.xcconfig"; path = "Pods/Target Support Files/Pods-DVHacks/Pods-DVHacks.release.xcconfig"; sourceTree = "<group>"; };
		AEA84110E9DB180D59B028C0 /* Pods_DVHacksTests.framework */ = {isa = PBXFileReference; explicitFileType = wrapper.framework; includeInIndex = 0; path = Pods_DVHacksTests.framework; sourceTree = BUILT_PRODUCTS_DIR; };
		C50845BA20827F9C0056DB0B /* DVHacks.app */ = {isa = PBXFileReference; explicitFileType = wrapper.application; includeInIndex = 0; path = DVHacks.app; sourceTree = BUILT_PRODUCTS_DIR; };
		C50845BD20827F9C0056DB0B /* AppDelegate.swift */ = {isa = PBXFileReference; lastKnownFileType = sourcecode.swift; path = AppDelegate.swift; sourceTree = "<group>"; };
		C50845BF20827F9C0056DB0B /* ViewController.swift */ = {isa = PBXFileReference; lastKnownFileType = sourcecode.swift; path = ViewController.swift; sourceTree = "<group>"; };
		C50845C220827F9C0056DB0B /* Base */ = {isa = PBXFileReference; lastKnownFileType = file.storyboard; name = Base; path = Base.lproj/Main.storyboard; sourceTree = "<group>"; };
		C50845C420827F9E0056DB0B /* Assets.xcassets */ = {isa = PBXFileReference; lastKnownFileType = folder.assetcatalog; path = Assets.xcassets; sourceTree = "<group>"; };
		C50845C720827F9E0056DB0B /* Base */ = {isa = PBXFileReference; lastKnownFileType = file.storyboard; name = Base; path = Base.lproj/LaunchScreen.storyboard; sourceTree = "<group>"; };
		C50845C920827F9E0056DB0B /* Info.plist */ = {isa = PBXFileReference; lastKnownFileType = text.plist.xml; path = Info.plist; sourceTree = "<group>"; };
		C50845CE20827F9E0056DB0B /* DVHacksTests.xctest */ = {isa = PBXFileReference; explicitFileType = wrapper.cfbundle; includeInIndex = 0; path = DVHacksTests.xctest; sourceTree = BUILT_PRODUCTS_DIR; };
		C50845D220827F9E0056DB0B /* DVHacksTests.swift */ = {isa = PBXFileReference; lastKnownFileType = sourcecode.swift; path = DVHacksTests.swift; sourceTree = "<group>"; };
		C50845D420827F9E0056DB0B /* Info.plist */ = {isa = PBXFileReference; lastKnownFileType = text.plist.xml; path = Info.plist; sourceTree = "<group>"; };
		C50845D920827F9E0056DB0B /* DVHacksUITests.xctest */ = {isa = PBXFileReference; explicitFileType = wrapper.cfbundle; includeInIndex = 0; path = DVHacksUITests.xctest; sourceTree = BUILT_PRODUCTS_DIR; };
		C50845DD20827F9E0056DB0B /* DVHacksUITests.swift */ = {isa = PBXFileReference; lastKnownFileType = sourcecode.swift; path = DVHacksUITests.swift; sourceTree = "<group>"; };
		C50845DF20827F9E0056DB0B /* Info.plist */ = {isa = PBXFileReference; lastKnownFileType = text.plist.xml; path = Info.plist; sourceTree = "<group>"; };
		C50845EB20828E050056DB0B /* ProfileVC.swift */ = {isa = PBXFileReference; lastKnownFileType = sourcecode.swift; path = ProfileVC.swift; sourceTree = "<group>"; };
		C50845ED20828ECE0056DB0B /* ProfileCell.swift */ = {isa = PBXFileReference; lastKnownFileType = sourcecode.swift; path = ProfileCell.swift; sourceTree = "<group>"; };
		C50845EF208292AF0056DB0B /* HBSegmentedControl.swift */ = {isa = PBXFileReference; fileEncoding = 4; lastKnownFileType = sourcecode.swift; path = HBSegmentedControl.swift; sourceTree = "<group>"; };
		C50845F1208294E60056DB0B /* TripsVC.swift */ = {isa = PBXFileReference; lastKnownFileType = sourcecode.swift; path = TripsVC.swift; sourceTree = "<group>"; };
		C50845F32082B10E0056DB0B /* SurveyVC.swift */ = {isa = PBXFileReference; lastKnownFileType = sourcecode.swift; path = SurveyVC.swift; sourceTree = "<group>"; };
		F97C59A7D1467CE37AD82EE1 /* Pods-DVHacksUITests.release.xcconfig */ = {isa = PBXFileReference; includeInIndex = 1; lastKnownFileType = text.xcconfig; name = "Pods-DVHacksUITests.release.xcconfig"; path = "Pods/Target Support Files/Pods-DVHacksUITests/Pods-DVHacksUITests.release.xcconfig"; sourceTree = "<group>"; };
/* End PBXFileReference section */

/* Begin PBXFrameworksBuildPhase section */
		C50845B720827F9C0056DB0B /* Frameworks */ = {
			isa = PBXFrameworksBuildPhase;
			buildActionMask = 2147483647;
			files = (
				2BFC64E027BFE4D45B84D956 /* Pods_DVHacks.framework in Frameworks */,
			);
			runOnlyForDeploymentPostprocessing = 0;
		};
		C50845CB20827F9E0056DB0B /* Frameworks */ = {
			isa = PBXFrameworksBuildPhase;
			buildActionMask = 2147483647;
			files = (
				75CCC1863CBADBAE4FD1B471 /* Pods_DVHacksTests.framework in Frameworks */,
			);
			runOnlyForDeploymentPostprocessing = 0;
		};
		C50845D620827F9E0056DB0B /* Frameworks */ = {
			isa = PBXFrameworksBuildPhase;
			buildActionMask = 2147483647;
			files = (
				143BF37FBC480327721CF616 /* Pods_DVHacksUITests.framework in Frameworks */,
			);
			runOnlyForDeploymentPostprocessing = 0;
		};
/* End PBXFrameworksBuildPhase section */

/* Begin PBXGroup section */
		061C6ADF0EEA55ACF6575FDD /* Pods */ = {
			isa = PBXGroup;
			children = (
				0A6E8DBC2C51560D23C48231 /* Pods-DVHacks.debug.xcconfig */,
				93A01A2BC2774BE9018FEC90 /* Pods-DVHacks.release.xcconfig */,
				8302AE5DA8A52043AEA2BD1A /* Pods-DVHacksTests.debug.xcconfig */,
				34ABB3C8328EDB8AFCCC41BE /* Pods-DVHacksTests.release.xcconfig */,
				1A6ACF8106C670762E0656EE /* Pods-DVHacksUITests.debug.xcconfig */,
				F97C59A7D1467CE37AD82EE1 /* Pods-DVHacksUITests.release.xcconfig */,
			);
			name = Pods;
			sourceTree = "<group>";
		};
		B1A857F05CC273A20BB226D0 /* Frameworks */ = {
			isa = PBXGroup;
			children = (
				170D7C15228C29276BED46C9 /* Pods_DVHacks.framework */,
				AEA84110E9DB180D59B028C0 /* Pods_DVHacksTests.framework */,
				24F1C700208776019284CB80 /* Pods_DVHacksUITests.framework */,
			);
			name = Frameworks;
			sourceTree = "<group>";
		};
		C50845B120827F9C0056DB0B = {
			isa = PBXGroup;
			children = (
				C50845BC20827F9C0056DB0B /* DVHacks */,
				C50845D120827F9E0056DB0B /* DVHacksTests */,
				C50845DC20827F9E0056DB0B /* DVHacksUITests */,
				C50845BB20827F9C0056DB0B /* Products */,
				061C6ADF0EEA55ACF6575FDD /* Pods */,
				B1A857F05CC273A20BB226D0 /* Frameworks */,
			);
			sourceTree = "<group>";
		};
		C50845BB20827F9C0056DB0B /* Products */ = {
			isa = PBXGroup;
			children = (
				C50845BA20827F9C0056DB0B /* DVHacks.app */,
				C50845CE20827F9E0056DB0B /* DVHacksTests.xctest */,
				C50845D920827F9E0056DB0B /* DVHacksUITests.xctest */,
			);
			name = Products;
			sourceTree = "<group>";
		};
		C50845BC20827F9C0056DB0B /* DVHacks */ = {
			isa = PBXGroup;
			children = (
				C50845BD20827F9C0056DB0B /* AppDelegate.swift */,
				C50845BF20827F9C0056DB0B /* ViewController.swift */,
				C50845EB20828E050056DB0B /* ProfileVC.swift */,
				C50845F32082B10E0056DB0B /* SurveyVC.swift */,
				C50845EF208292AF0056DB0B /* HBSegmentedControl.swift */,
				C50845C120827F9C0056DB0B /* Main.storyboard */,
				C50845F1208294E60056DB0B /* TripsVC.swift */,
				C50845ED20828ECE0056DB0B /* ProfileCell.swift */,
				C50845C420827F9E0056DB0B /* Assets.xcassets */,
				C50845C620827F9E0056DB0B /* LaunchScreen.storyboard */,
				C50845C920827F9E0056DB0B /* Info.plist */,
			);
			path = DVHacks;
			sourceTree = "<group>";
		};
		C50845D120827F9E0056DB0B /* DVHacksTests */ = {
			isa = PBXGroup;
			children = (
				C50845D220827F9E0056DB0B /* DVHacksTests.swift */,
				C50845D420827F9E0056DB0B /* Info.plist */,
			);
			path = DVHacksTests;
			sourceTree = "<group>";
		};
		C50845DC20827F9E0056DB0B /* DVHacksUITests */ = {
			isa = PBXGroup;
			children = (
				C50845DD20827F9E0056DB0B /* DVHacksUITests.swift */,
				C50845DF20827F9E0056DB0B /* Info.plist */,
			);
			path = DVHacksUITests;
			sourceTree = "<group>";
		};
/* End PBXGroup section */

/* Begin PBXNativeTarget section */
		C50845B920827F9C0056DB0B /* DVHacks */ = {
			isa = PBXNativeTarget;
			buildConfigurationList = C50845E220827F9E0056DB0B /* Build configuration list for PBXNativeTarget "DVHacks" */;
			buildPhases = (
				E6AB2E8BDACA4258DD8967CD /* [CP] Check Pods Manifest.lock */,
				C50845B620827F9C0056DB0B /* Sources */,
				C50845B720827F9C0056DB0B /* Frameworks */,
				C50845B820827F9C0056DB0B /* Resources */,
				CBCAFE3D742092B0083E8D54 /* [CP] Embed Pods Frameworks */,
				422EF58EB0A01C15486CCDA0 /* [CP] Copy Pods Resources */,
			);
			buildRules = (
			);
			dependencies = (
			);
			name = DVHacks;
			productName = DVHacks;
			productReference = C50845BA20827F9C0056DB0B /* DVHacks.app */;
			productType = "com.apple.product-type.application";
		};
		C50845CD20827F9E0056DB0B /* DVHacksTests */ = {
			isa = PBXNativeTarget;
			buildConfigurationList = C50845E520827F9E0056DB0B /* Build configuration list for PBXNativeTarget "DVHacksTests" */;
			buildPhases = (
				21C8FB04EB2F69F1B94E1700 /* [CP] Check Pods Manifest.lock */,
				C50845CA20827F9E0056DB0B /* Sources */,
				C50845CB20827F9E0056DB0B /* Frameworks */,
				C50845CC20827F9E0056DB0B /* Resources */,
				735C1C38F7F8C3D316F2F48F /* [CP] Embed Pods Frameworks */,
				B13B10DF43C0E2B7C936E6A5 /* [CP] Copy Pods Resources */,
			);
			buildRules = (
			);
			dependencies = (
				C50845D020827F9E0056DB0B /* PBXTargetDependency */,
			);
			name = DVHacksTests;
			productName = DVHacksTests;
			productReference = C50845CE20827F9E0056DB0B /* DVHacksTests.xctest */;
			productType = "com.apple.product-type.bundle.unit-test";
		};
		C50845D820827F9E0056DB0B /* DVHacksUITests */ = {
			isa = PBXNativeTarget;
			buildConfigurationList = C50845E820827F9E0056DB0B /* Build configuration list for PBXNativeTarget "DVHacksUITests" */;
			buildPhases = (
				C718C43812B50BC528D4FCC9 /* [CP] Check Pods Manifest.lock */,
				C50845D520827F9E0056DB0B /* Sources */,
				C50845D620827F9E0056DB0B /* Frameworks */,
				C50845D720827F9E0056DB0B /* Resources */,
				409120F5E037700D4CBEEECD /* [CP] Embed Pods Frameworks */,
				792A8DB99FC5997DF49AB5F5 /* [CP] Copy Pods Resources */,
			);
			buildRules = (
			);
			dependencies = (
				C50845DB20827F9E0056DB0B /* PBXTargetDependency */,
			);
			name = DVHacksUITests;
			productName = DVHacksUITests;
			productReference = C50845D920827F9E0056DB0B /* DVHacksUITests.xctest */;
			productType = "com.apple.product-type.bundle.ui-testing";
		};
/* End PBXNativeTarget section */

/* Begin PBXProject section */
		C50845B220827F9C0056DB0B /* Project object */ = {
			isa = PBXProject;
			attributes = {
				LastSwiftUpdateCheck = 0930;
				LastUpgradeCheck = 0930;
				ORGANIZATIONNAME = com;
				TargetAttributes = {
					C50845B920827F9C0056DB0B = {
						CreatedOnToolsVersion = 9.3;
					};
					C50845CD20827F9E0056DB0B = {
						CreatedOnToolsVersion = 9.3;
						TestTargetID = C50845B920827F9C0056DB0B;
					};
					C50845D820827F9E0056DB0B = {
						CreatedOnToolsVersion = 9.3;
						TestTargetID = C50845B920827F9C0056DB0B;
					};
				};
			};
			buildConfigurationList = C50845B520827F9C0056DB0B /* Build configuration list for PBXProject "DVHacks" */;
			compatibilityVersion = "Xcode 9.3";
			developmentRegion = en;
			hasScannedForEncodings = 0;
			knownRegions = (
				en,
				Base,
			);
			mainGroup = C50845B120827F9C0056DB0B;
			productRefGroup = C50845BB20827F9C0056DB0B /* Products */;
			projectDirPath = "";
			projectRoot = "";
			targets = (
				C50845B920827F9C0056DB0B /* DVHacks */,
				C50845CD20827F9E0056DB0B /* DVHacksTests */,
				C50845D820827F9E0056DB0B /* DVHacksUITests */,
			);
		};
/* End PBXProject section */

/* Begin PBXResourcesBuildPhase section */
		C50845B820827F9C0056DB0B /* Resources */ = {
			isa = PBXResourcesBuildPhase;
			buildActionMask = 2147483647;
			files = (
				C50845C820827F9E0056DB0B /* LaunchScreen.storyboard in Resources */,
				C50845C520827F9E0056DB0B /* Assets.xcassets in Resources */,
				C50845C320827F9C0056DB0B /* Main.storyboard in Resources */,
			);
			runOnlyForDeploymentPostprocessing = 0;
		};
		C50845CC20827F9E0056DB0B /* Resources */ = {
			isa = PBXResourcesBuildPhase;
			buildActionMask = 2147483647;
			files = (
			);
			runOnlyForDeploymentPostprocessing = 0;
		};
		C50845D720827F9E0056DB0B /* Resources */ = {
			isa = PBXResourcesBuildPhase;
			buildActionMask = 2147483647;
			files = (
			);
			runOnlyForDeploymentPostprocessing = 0;
		};
/* End PBXResourcesBuildPhase section */

/* Begin PBXShellScriptBuildPhase section */
		21C8FB04EB2F69F1B94E1700 /* [CP] Check Pods Manifest.lock */ = {
			isa = PBXShellScriptBuildPhase;
			buildActionMask = 2147483647;
			files = (
			);
			inputPaths = (
				"${PODS_PODFILE_DIR_PATH}/Podfile.lock",
				"${PODS_ROOT}/Manifest.lock",
			);
			name = "[CP] Check Pods Manifest.lock";
			outputPaths = (
				"$(DERIVED_FILE_DIR)/Pods-DVHacksTests-checkManifestLockResult.txt",
			);
			runOnlyForDeploymentPostprocessing = 0;
			shellPath = /bin/sh;
			shellScript = "diff \"${PODS_PODFILE_DIR_PATH}/Podfile.lock\" \"${PODS_ROOT}/Manifest.lock\" > /dev/null\nif [ $? != 0 ] ; then\n    # print error to STDERR\n    echo \"error: The sandbox is not in sync with the Podfile.lock. Run 'pod install' or update your CocoaPods installation.\" >&2\n    exit 1\nfi\n# This output is used by Xcode 'outputs' to avoid re-running this script phase.\necho \"SUCCESS\" > \"${SCRIPT_OUTPUT_FILE_0}\"\n";
			showEnvVarsInLog = 0;
		};
		409120F5E037700D4CBEEECD /* [CP] Embed Pods Frameworks */ = {
			isa = PBXShellScriptBuildPhase;
			buildActionMask = 2147483647;
			files = (
			);
			inputPaths = (
			);
			name = "[CP] Embed Pods Frameworks";
			outputPaths = (
			);
			runOnlyForDeploymentPostprocessing = 0;
			shellPath = /bin/sh;
			shellScript = "\"${SRCROOT}/Pods/Target Support Files/Pods-DVHacksUITests/Pods-DVHacksUITests-frameworks.sh\"\n";
			showEnvVarsInLog = 0;
		};
		422EF58EB0A01C15486CCDA0 /* [CP] Copy Pods Resources */ = {
			isa = PBXShellScriptBuildPhase;
			buildActionMask = 2147483647;
			files = (
			);
			inputPaths = (
			);
			name = "[CP] Copy Pods Resources";
			outputPaths = (
			);
			runOnlyForDeploymentPostprocessing = 0;
			shellPath = /bin/sh;
			shellScript = "\"${SRCROOT}/Pods/Target Support Files/Pods-DVHacks/Pods-DVHacks-resources.sh\"\n";
			showEnvVarsInLog = 0;
		};
		735C1C38F7F8C3D316F2F48F /* [CP] Embed Pods Frameworks */ = {
			isa = PBXShellScriptBuildPhase;
			buildActionMask = 2147483647;
			files = (
			);
			inputPaths = (
			);
			name = "[CP] Embed Pods Frameworks";
			outputPaths = (
			);
			runOnlyForDeploymentPostprocessing = 0;
			shellPath = /bin/sh;
			shellScript = "\"${SRCROOT}/Pods/Target Support Files/Pods-DVHacksTests/Pods-DVHacksTests-frameworks.sh\"\n";
			showEnvVarsInLog = 0;
		};
		792A8DB99FC5997DF49AB5F5 /* [CP] Copy Pods Resources */ = {
			isa = PBXShellScriptBuildPhase;
			buildActionMask = 2147483647;
			files = (
			);
			inputPaths = (
			);
			name = "[CP] Copy Pods Resources";
			outputPaths = (
			);
			runOnlyForDeploymentPostprocessing = 0;
			shellPath = /bin/sh;
			shellScript = "\"${SRCROOT}/Pods/Target Support Files/Pods-DVHacksUITests/Pods-DVHacksUITests-resources.sh\"\n";
			showEnvVarsInLog = 0;
		};
		B13B10DF43C0E2B7C936E6A5 /* [CP] Copy Pods Resources */ = {
			isa = PBXShellScriptBuildPhase;
			buildActionMask = 2147483647;
			files = (
			);
			inputPaths = (
			);
			name = "[CP] Copy Pods Resources";
			outputPaths = (
			);
			runOnlyForDeploymentPostprocessing = 0;
			shellPath = /bin/sh;
			shellScript = "\"${SRCROOT}/Pods/Target Support Files/Pods-DVHacksTests/Pods-DVHacksTests-resources.sh\"\n";
			showEnvVarsInLog = 0;
		};
		C718C43812B50BC528D4FCC9 /* [CP] Check Pods Manifest.lock */ = {
			isa = PBXShellScriptBuildPhase;
			buildActionMask = 2147483647;
			files = (
			);
			inputPaths = (
				"${PODS_PODFILE_DIR_PATH}/Podfile.lock",
				"${PODS_ROOT}/Manifest.lock",
			);
			name = "[CP] Check Pods Manifest.lock";
			outputPaths = (
				"$(DERIVED_FILE_DIR)/Pods-DVHacksUITests-checkManifestLockResult.txt",
			);
			runOnlyForDeploymentPostprocessing = 0;
			shellPath = /bin/sh;
			shellScript = "diff \"${PODS_PODFILE_DIR_PATH}/Podfile.lock\" \"${PODS_ROOT}/Manifest.lock\" > /dev/null\nif [ $? != 0 ] ; then\n    # print error to STDERR\n    echo \"error: The sandbox is not in sync with the Podfile.lock. Run 'pod install' or update your CocoaPods installation.\" >&2\n    exit 1\nfi\n# This output is used by Xcode 'outputs' to avoid re-running this script phase.\necho \"SUCCESS\" > \"${SCRIPT_OUTPUT_FILE_0}\"\n";
			showEnvVarsInLog = 0;
		};
		CBCAFE3D742092B0083E8D54 /* [CP] Embed Pods Frameworks */ = {
			isa = PBXShellScriptBuildPhase;
			buildActionMask = 2147483647;
			files = (
			);
			inputPaths = (
				"${SRCROOT}/Pods/Target Support Files/Pods-DVHacks/Pods-DVHacks-frameworks.sh",
				"${BUILT_PRODUCTS_DIR}/GTMSessionFetcher/GTMSessionFetcher.framework",
				"${BUILT_PRODUCTS_DIR}/GoogleToolboxForMac/GoogleToolboxForMac.framework",
				"${BUILT_PRODUCTS_DIR}/leveldb-library/leveldb.framework",
				"${BUILT_PRODUCTS_DIR}/nanopb/nanopb.framework",
			);
			name = "[CP] Embed Pods Frameworks";
			outputPaths = (
				"${TARGET_BUILD_DIR}/${FRAMEWORKS_FOLDER_PATH}/GTMSessionFetcher.framework",
				"${TARGET_BUILD_DIR}/${FRAMEWORKS_FOLDER_PATH}/GoogleToolboxForMac.framework",
				"${TARGET_BUILD_DIR}/${FRAMEWORKS_FOLDER_PATH}/leveldb.framework",
				"${TARGET_BUILD_DIR}/${FRAMEWORKS_FOLDER_PATH}/nanopb.framework",
			);
			runOnlyForDeploymentPostprocessing = 0;
			shellPath = /bin/sh;
			shellScript = "\"${SRCROOT}/Pods/Target Support Files/Pods-DVHacks/Pods-DVHacks-frameworks.sh\"\n";
			showEnvVarsInLog = 0;
		};
		E6AB2E8BDACA4258DD8967CD /* [CP] Check Pods Manifest.lock */ = {
			isa = PBXShellScriptBuildPhase;
			buildActionMask = 2147483647;
			files = (
			);
			inputPaths = (
				"${PODS_PODFILE_DIR_PATH}/Podfile.lock",
				"${PODS_ROOT}/Manifest.lock",
			);
			name = "[CP] Check Pods Manifest.lock";
			outputPaths = (
				"$(DERIVED_FILE_DIR)/Pods-DVHacks-checkManifestLockResult.txt",
			);
			runOnlyForDeploymentPostprocessing = 0;
			shellPath = /bin/sh;
			shellScript = "diff \"${PODS_PODFILE_DIR_PATH}/Podfile.lock\" \"${PODS_ROOT}/Manifest.lock\" > /dev/null\nif [ $? != 0 ] ; then\n    # print error to STDERR\n    echo \"error: The sandbox is not in sync with the Podfile.lock. Run 'pod install' or update your CocoaPods installation.\" >&2\n    exit 1\nfi\n# This output is used by Xcode 'outputs' to avoid re-running this script phase.\necho \"SUCCESS\" > \"${SCRIPT_OUTPUT_FILE_0}\"\n";
			showEnvVarsInLog = 0;
		};
/* End PBXShellScriptBuildPhase section */

/* Begin PBXSourcesBuildPhase section */
		C50845B620827F9C0056DB0B /* Sources */ = {
			isa = PBXSourcesBuildPhase;
			buildActionMask = 2147483647;
			files = (
				C50845EC20828E050056DB0B /* ProfileVC.swift in Sources */,
				C50845F2208294E60056DB0B /* TripsVC.swift in Sources */,
				C50845F0208292AF0056DB0B /* HBSegmentedControl.swift in Sources */,
				C50845F42082B10E0056DB0B /* SurveyVC.swift in Sources */,
				C50845EE20828ECE0056DB0B /* ProfileCell.swift in Sources */,
				C50845C020827F9C0056DB0B /* ViewController.swift in Sources */,
				C50845BE20827F9C0056DB0B /* AppDelegate.swift in Sources */,
			);
			runOnlyForDeploymentPostprocessing = 0;
		};
		C50845CA20827F9E0056DB0B /* Sources */ = {
			isa = PBXSourcesBuildPhase;
			buildActionMask = 2147483647;
			files = (
				C50845D320827F9E0056DB0B /* DVHacksTests.swift in Sources */,
			);
			runOnlyForDeploymentPostprocessing = 0;
		};
		C50845D520827F9E0056DB0B /* Sources */ = {
			isa = PBXSourcesBuildPhase;
			buildActionMask = 2147483647;
			files = (
				C50845DE20827F9E0056DB0B /* DVHacksUITests.swift in Sources */,
			);
			runOnlyForDeploymentPostprocessing = 0;
		};
/* End PBXSourcesBuildPhase section */

/* Begin PBXTargetDependency section */
		C50845D020827F9E0056DB0B /* PBXTargetDependency */ = {
			isa = PBXTargetDependency;
			target = C50845B920827F9C0056DB0B /* DVHacks */;
			targetProxy = C50845CF20827F9E0056DB0B /* PBXContainerItemProxy */;
		};
		C50845DB20827F9E0056DB0B /* PBXTargetDependency */ = {
			isa = PBXTargetDependency;
			target = C50845B920827F9C0056DB0B /* DVHacks */;
			targetProxy = C50845DA20827F9E0056DB0B /* PBXContainerItemProxy */;
		};
/* End PBXTargetDependency section */

/* Begin PBXVariantGroup section */
		C50845C120827F9C0056DB0B /* Main.storyboard */ = {
			isa = PBXVariantGroup;
			children = (
				C50845C220827F9C0056DB0B /* Base */,
			);
			name = Main.storyboard;
			sourceTree = "<group>";
		};
		C50845C620827F9E0056DB0B /* LaunchScreen.storyboard */ = {
			isa = PBXVariantGroup;
			children = (
				C50845C720827F9E0056DB0B /* Base */,
			);
			name = LaunchScreen.storyboard;
			sourceTree = "<group>";
		};
/* End PBXVariantGroup section */

/* Begin XCBuildConfiguration section */
		C50845E020827F9E0056DB0B /* Debug */ = {
			isa = XCBuildConfiguration;
			buildSettings = {
				ALWAYS_SEARCH_USER_PATHS = NO;
				CLANG_ANALYZER_NONNULL = YES;
				CLANG_ANALYZER_NUMBER_OBJECT_CONVERSION = YES_AGGRESSIVE;
				CLANG_CXX_LANGUAGE_STANDARD = "gnu++14";
				CLANG_CXX_LIBRARY = "libc++";
				CLANG_ENABLE_MODULES = YES;
				CLANG_ENABLE_OBJC_ARC = YES;
				CLANG_ENABLE_OBJC_WEAK = YES;
				CLANG_WARN_BLOCK_CAPTURE_AUTORELEASING = YES;
				CLANG_WARN_BOOL_CONVERSION = YES;
				CLANG_WARN_COMMA = YES;
				CLANG_WARN_CONSTANT_CONVERSION = YES;
				CLANG_WARN_DEPRECATED_OBJC_IMPLEMENTATIONS = YES;
				CLANG_WARN_DIRECT_OBJC_ISA_USAGE = YES_ERROR;
				CLANG_WARN_DOCUMENTATION_COMMENTS = YES;
				CLANG_WARN_EMPTY_BODY = YES;
				CLANG_WARN_ENUM_CONVERSION = YES;
				CLANG_WARN_INFINITE_RECURSION = YES;
				CLANG_WARN_INT_CONVERSION = YES;
				CLANG_WARN_NON_LITERAL_NULL_CONVERSION = YES;
				CLANG_WARN_OBJC_IMPLICIT_RETAIN_SELF = YES;
				CLANG_WARN_OBJC_LITERAL_CONVERSION = YES;
				CLANG_WARN_OBJC_ROOT_CLASS = YES_ERROR;
				CLANG_WARN_RANGE_LOOP_ANALYSIS = YES;
				CLANG_WARN_STRICT_PROTOTYPES = YES;
				CLANG_WARN_SUSPICIOUS_MOVE = YES;
				CLANG_WARN_UNGUARDED_AVAILABILITY = YES_AGGRESSIVE;
				CLANG_WARN_UNREACHABLE_CODE = YES;
				CLANG_WARN__DUPLICATE_METHOD_MATCH = YES;
				CODE_SIGN_IDENTITY = "iPhone Developer";
				COPY_PHASE_STRIP = NO;
				DEBUG_INFORMATION_FORMAT = dwarf;
				ENABLE_STRICT_OBJC_MSGSEND = YES;
				ENABLE_TESTABILITY = YES;
				GCC_C_LANGUAGE_STANDARD = gnu11;
				GCC_DYNAMIC_NO_PIC = NO;
				GCC_NO_COMMON_BLOCKS = YES;
				GCC_OPTIMIZATION_LEVEL = 0;
				GCC_PREPROCESSOR_DEFINITIONS = (
					"DEBUG=1",
					"$(inherited)",
				);
				GCC_WARN_64_TO_32_BIT_CONVERSION = YES;
				GCC_WARN_ABOUT_RETURN_TYPE = YES_ERROR;
				GCC_WARN_UNDECLARED_SELECTOR = YES;
				GCC_WARN_UNINITIALIZED_AUTOS = YES_AGGRESSIVE;
				GCC_WARN_UNUSED_FUNCTION = YES;
				GCC_WARN_UNUSED_VARIABLE = YES;
				IPHONEOS_DEPLOYMENT_TARGET = 11.3;
				MTL_ENABLE_DEBUG_INFO = YES;
				ONLY_ACTIVE_ARCH = YES;
				SDKROOT = iphoneos;
				SWIFT_ACTIVE_COMPILATION_CONDITIONS = DEBUG;
				SWIFT_OPTIMIZATION_LEVEL = "-Onone";
			};
			name = Debug;
		};
		C50845E120827F9E0056DB0B /* Release */ = {
			isa = XCBuildConfiguration;
			buildSettings = {
				ALWAYS_SEARCH_USER_PATHS = NO;
				CLANG_ANALYZER_NONNULL = YES;
				CLANG_ANALYZER_NUMBER_OBJECT_CONVERSION = YES_AGGRESSIVE;
				CLANG_CXX_LANGUAGE_STANDARD = "gnu++14";
				CLANG_CXX_LIBRARY = "libc++";
				CLANG_ENABLE_MODULES = YES;
				CLANG_ENABLE_OBJC_ARC = YES;
				CLANG_ENABLE_OBJC_WEAK = YES;
				CLANG_WARN_BLOCK_CAPTURE_AUTORELEASING = YES;
				CLANG_WARN_BOOL_CONVERSION = YES;
				CLANG_WARN_COMMA = YES;
				CLANG_WARN_CONSTANT_CONVERSION = YES;
				CLANG_WARN_DEPRECATED_OBJC_IMPLEMENTATIONS = YES;
				CLANG_WARN_DIRECT_OBJC_ISA_USAGE = YES_ERROR;
				CLANG_WARN_DOCUMENTATION_COMMENTS = YES;
				CLANG_WARN_EMPTY_BODY = YES;
				CLANG_WARN_ENUM_CONVERSION = YES;
				CLANG_WARN_INFINITE_RECURSION = YES;
				CLANG_WARN_INT_CONVERSION = YES;
				CLANG_WARN_NON_LITERAL_NULL_CONVERSION = YES;
				CLANG_WARN_OBJC_IMPLICIT_RETAIN_SELF = YES;
				CLANG_WARN_OBJC_LITERAL_CONVERSION = YES;
				CLANG_WARN_OBJC_ROOT_CLASS = YES_ERROR;
				CLANG_WARN_RANGE_LOOP_ANALYSIS = YES;
				CLANG_WARN_STRICT_PROTOTYPES = YES;
				CLANG_WARN_SUSPICIOUS_MOVE = YES;
				CLANG_WARN_UNGUARDED_AVAILABILITY = YES_AGGRESSIVE;
				CLANG_WARN_UNREACHABLE_CODE = YES;
				CLANG_WARN__DUPLICATE_METHOD_MATCH = YES;
				CODE_SIGN_IDENTITY = "iPhone Developer";
				COPY_PHASE_STRIP = NO;
				DEBUG_INFORMATION_FORMAT = "dwarf-with-dsym";
				ENABLE_NS_ASSERTIONS = NO;
				ENABLE_STRICT_OBJC_MSGSEND = YES;
				GCC_C_LANGUAGE_STANDARD = gnu11;
				GCC_NO_COMMON_BLOCKS = YES;
				GCC_WARN_64_TO_32_BIT_CONVERSION = YES;
				GCC_WARN_ABOUT_RETURN_TYPE = YES_ERROR;
				GCC_WARN_UNDECLARED_SELECTOR = YES;
				GCC_WARN_UNINITIALIZED_AUTOS = YES_AGGRESSIVE;
				GCC_WARN_UNUSED_FUNCTION = YES;
				GCC_WARN_UNUSED_VARIABLE = YES;
				IPHONEOS_DEPLOYMENT_TARGET = 11.3;
				MTL_ENABLE_DEBUG_INFO = NO;
				SDKROOT = iphoneos;
				SWIFT_COMPILATION_MODE = wholemodule;
				SWIFT_OPTIMIZATION_LEVEL = "-O";
				VALIDATE_PRODUCT = YES;
			};
			name = Release;
		};
		C50845E320827F9E0056DB0B /* Debug */ = {
			isa = XCBuildConfiguration;
			baseConfigurationReference = 0A6E8DBC2C51560D23C48231 /* Pods-DVHacks.debug.xcconfig */;
			buildSettings = {
				ASSETCATALOG_COMPILER_APPICON_NAME = AppIcon;
				CODE_SIGN_STYLE = Automatic;
				DEVELOPMENT_TEAM = EHLN7RW346;
				INFOPLIST_FILE = DVHacks/Info.plist;
				LD_RUNPATH_SEARCH_PATHS = (
					"$(inherited)",
					"@executable_path/Frameworks",
				);
				PRODUCT_BUNDLE_IDENTIFIER = com.DVHacks;
				PRODUCT_NAME = "$(TARGET_NAME)";
				SWIFT_VERSION = 4.0;
				TARGETED_DEVICE_FAMILY = "1,2";
			};
			name = Debug;
		};
		C50845E420827F9E0056DB0B /* Release */ = {
			isa = XCBuildConfiguration;
			baseConfigurationReference = 93A01A2BC2774BE9018FEC90 /* Pods-DVHacks.release.xcconfig */;
			buildSettings = {
				ASSETCATALOG_COMPILER_APPICON_NAME = AppIcon;
				CODE_SIGN_STYLE = Automatic;
				DEVELOPMENT_TEAM = EHLN7RW346;
				INFOPLIST_FILE = DVHacks/Info.plist;
				LD_RUNPATH_SEARCH_PATHS = (
					"$(inherited)",
					"@executable_path/Frameworks",
				);
				PRODUCT_BUNDLE_IDENTIFIER = com.DVHacks;
				PRODUCT_NAME = "$(TARGET_NAME)";
				SWIFT_VERSION = 4.0;
				TARGETED_DEVICE_FAMILY = "1,2";
			};
			name = Release;
		};
		C50845E620827F9E0056DB0B /* Debug */ = {
			isa = XCBuildConfiguration;
			baseConfigurationReference = 8302AE5DA8A52043AEA2BD1A /* Pods-DVHacksTests.debug.xcconfig */;
			buildSettings = {
				ALWAYS_EMBED_SWIFT_STANDARD_LIBRARIES = YES;
				BUNDLE_LOADER = "$(TEST_HOST)";
				CODE_SIGN_STYLE = Automatic;
				DEVELOPMENT_TEAM = EHLN7RW346;
				INFOPLIST_FILE = DVHacksTests/Info.plist;
				LD_RUNPATH_SEARCH_PATHS = (
					"$(inherited)",
					"@executable_path/Frameworks",
					"@loader_path/Frameworks",
				);
				PRODUCT_BUNDLE_IDENTIFIER = com.DVHacksTests;
				PRODUCT_NAME = "$(TARGET_NAME)";
				SWIFT_VERSION = 4.0;
				TARGETED_DEVICE_FAMILY = "1,2";
				TEST_HOST = "$(BUILT_PRODUCTS_DIR)/DVHacks.app/DVHacks";
			};
			name = Debug;
		};
		C50845E720827F9E0056DB0B /* Release */ = {
			isa = XCBuildConfiguration;
			baseConfigurationReference = 34ABB3C8328EDB8AFCCC41BE /* Pods-DVHacksTests.release.xcconfig */;
			buildSettings = {
				ALWAYS_EMBED_SWIFT_STANDARD_LIBRARIES = YES;
				BUNDLE_LOADER = "$(TEST_HOST)";
				CODE_SIGN_STYLE = Automatic;
				DEVELOPMENT_TEAM = EHLN7RW346;
				INFOPLIST_FILE = DVHacksTests/Info.plist;
				LD_RUNPATH_SEARCH_PATHS = (
					"$(inherited)",
					"@executable_path/Frameworks",
					"@loader_path/Frameworks",
				);
				PRODUCT_BUNDLE_IDENTIFIER = com.DVHacksTests;
				PRODUCT_NAME = "$(TARGET_NAME)";
				SWIFT_VERSION = 4.0;
				TARGETED_DEVICE_FAMILY = "1,2";
				TEST_HOST = "$(BUILT_PRODUCTS_DIR)/DVHacks.app/DVHacks";
			};
			name = Release;
		};
		C50845E920827F9E0056DB0B /* Debug */ = {
			isa = XCBuildConfiguration;
			baseConfigurationReference = 1A6ACF8106C670762E0656EE /* Pods-DVHacksUITests.debug.xcconfig */;
			buildSettings = {
				ALWAYS_EMBED_SWIFT_STANDARD_LIBRARIES = YES;
				CODE_SIGN_STYLE = Automatic;
				DEVELOPMENT_TEAM = EHLN7RW346;
				INFOPLIST_FILE = DVHacksUITests/Info.plist;
				LD_RUNPATH_SEARCH_PATHS = (
					"$(inherited)",
					"@executable_path/Frameworks",
					"@loader_path/Frameworks",
				);
				PRODUCT_BUNDLE_IDENTIFIER = com.DVHacksUITests;
				PRODUCT_NAME = "$(TARGET_NAME)";
				SWIFT_VERSION = 4.0;
				TARGETED_DEVICE_FAMILY = "1,2";
				TEST_TARGET_NAME = DVHacks;
			};
			name = Debug;
		};
		C50845EA20827F9E0056DB0B /* Release */ = {
			isa = XCBuildConfiguration;
			baseConfigurationReference = F97C59A7D1467CE37AD82EE1 /* Pods-DVHacksUITests.release.xcconfig */;
			buildSettings = {
				ALWAYS_EMBED_SWIFT_STANDARD_LIBRARIES = YES;
				CODE_SIGN_STYLE = Automatic;
				DEVELOPMENT_TEAM = EHLN7RW346;
				INFOPLIST_FILE = DVHacksUITests/Info.plist;
				LD_RUNPATH_SEARCH_PATHS = (
					"$(inherited)",
					"@executable_path/Frameworks",
					"@loader_path/Frameworks",
				);
				PRODUCT_BUNDLE_IDENTIFIER = com.DVHacksUITests;
				PRODUCT_NAME = "$(TARGET_NAME)";
				SWIFT_VERSION = 4.0;
				TARGETED_DEVICE_FAMILY = "1,2";
				TEST_TARGET_NAME = DVHacks;
			};
			name = Release;
		};
/* End XCBuildConfiguration section */

/* Begin XCConfigurationList section */
		C50845B520827F9C0056DB0B /* Build configuration list for PBXProject "DVHacks" */ = {
			isa = XCConfigurationList;
			buildConfigurations = (
				C50845E020827F9E0056DB0B /* Debug */,
				C50845E120827F9E0056DB0B /* Release */,
			);
			defaultConfigurationIsVisible = 0;
			defaultConfigurationName = Release;
		};
		C50845E220827F9E0056DB0B /* Build configuration list for PBXNativeTarget "DVHacks" */ = {
			isa = XCConfigurationList;
			buildConfigurations = (
				C50845E320827F9E0056DB0B /* Debug */,
				C50845E420827F9E0056DB0B /* Release */,
			);
			defaultConfigurationIsVisible = 0;
			defaultConfigurationName = Release;
		};
		C50845E520827F9E0056DB0B /* Build configuration list for PBXNativeTarget "DVHacksTests" */ = {
			isa = XCConfigurationList;
			buildConfigurations = (
				C50845E620827F9E0056DB0B /* Debug */,
				C50845E720827F9E0056DB0B /* Release */,
			);
			defaultConfigurationIsVisible = 0;
			defaultConfigurationName = Release;
		};
		C50845E820827F9E0056DB0B /* Build configuration list for PBXNativeTarget "DVHacksUITests" */ = {
			isa = XCConfigurationList;
			buildConfigurations = (
				C50845E920827F9E0056DB0B /* Debug */,
				C50845EA20827F9E0056DB0B /* Release */,
			);
			defaultConfigurationIsVisible = 0;
			defaultConfigurationName = Release;
		};
/* End XCConfigurationList section */
	};
	rootObject = C50845B220827F9C0056DB0B /* Project object */;
}
